
Microsoft Visual Studio Solution File, Format Version 12.00
# Visual Studio Version 16
VisualStudioVersion = 16.0.31729.503
MinimumVisualStudioVersion = 10.0.40219.1
Project("{FAE04EC0-301F-11D3-BF4B-00C04F79EFBC}") = "RabbitMQ_Receiver", "RabbitMQ_Receiver\RabbitMQ_Receiver.csproj", "{C924BEAE-BE04-4D15-81F6-9FFA22B8DAD1}"
EndProject
Global
	GlobalSection(SolutionConfigurationPlatforms) = preSolution
		Debug|Any CPU = Debug|Any CPU
		Release|Any CPU = Release|Any CPU
	EndGlobalSection
	GlobalSection(ProjectConfigurationPlatforms) = postSolution
		{C924BEAE-BE04-4D15-81F6-9FFA22B8DAD1}.Debug|Any CPU.ActiveCfg = Debug|Any CPU
		{C924BEAE-BE04-4D15-81F6-9FFA22B8DAD1}.Debug|Any CPU.Build.0 = Debug|Any CPU
		{C924BEAE-BE04-4D15-81F6-9FFA22B8DAD1}.Release|Any CPU.ActiveCfg = Release|Any CPU
		{C924BEAE-BE04-4D15-81F6-9FFA22B8DAD1}.Release|Any CPU.Build.0 = Release|Any CPU
	EndGlobalSection
	GlobalSection(SolutionProperties) = preSolution
		HideSolutionNode = FALSE
	EndGlobalSection
	GlobalSection(ExtensibilityGlobals) = postSolution
		SolutionGuid = {F4F03BF0-4F9D-45B8-84DE-AFBE9E0AE56D}
	EndGlobalSection
EndGlobal
